// !$*UTF8*$!
{
	archiveVersion = 1;
	classes = {
	};
	objectVersion = 50;
	objects = {

/* Begin PBXBuildFile section */
		2D7C932AD0863E28666B6749 /* Pods_TestSVG.framework in Frameworks */ = {isa = PBXBuildFile; fileRef = 8A213103C730E3996761CC01 /* Pods_TestSVG.framework */; };
		C07436C222D2ED5100A6A292 /* test.svg in Resources */ = {isa = PBXBuildFile; fileRef = C07436C122D2ED5100A6A292 /* test.svg */; };
		C07436C422D30A2A00A6A292 /* text2.svg in Resources */ = {isa = PBXBuildFile; fileRef = C07436C322D30A2A00A6A292 /* text2.svg */; };
		C07436C622D30DDF00A6A292 /* ViewController2.swift in Sources */ = {isa = PBXBuildFile; fileRef = C07436C522D30DDF00A6A292 /* ViewController2.swift */; };
		C07436C822D30EFE00A6A292 /* path2.svg in Resources */ = {isa = PBXBuildFile; fileRef = C07436C722D30EFE00A6A292 /* path2.svg */; };
		C08D254222BCBB9800A08F0C /* curve.svg in Resources */ = {isa = PBXBuildFile; fileRef = C08D254122BCBB9800A08F0C /* curve.svg */; };
		C0A80D0122B9DEDE003CEF29 /* AppDelegate.swift in Sources */ = {isa = PBXBuildFile; fileRef = C0A80D0022B9DEDE003CEF29 /* AppDelegate.swift */; };
		C0A80D0322B9DEDE003CEF29 /* ViewController.swift in Sources */ = {isa = PBXBuildFile; fileRef = C0A80D0222B9DEDE003CEF29 /* ViewController.swift */; };
		C0A80D0822B9DEE0003CEF29 /* Assets.xcassets in Resources */ = {isa = PBXBuildFile; fileRef = C0A80D0722B9DEE0003CEF29 /* Assets.xcassets */; };
		C0A80D0B22B9DEE0003CEF29 /* LaunchScreen.storyboard in Resources */ = {isa = PBXBuildFile; fileRef = C0A80D0922B9DEE0003CEF29 /* LaunchScreen.storyboard */; };
/* End PBXBuildFile section */

/* Begin PBXFileReference section */
		059CFADFB6BA8141828D6A80 /* Pods-TestSVG.debug.xcconfig */ = {isa = PBXFileReference; includeInIndex = 1; lastKnownFileType = text.xcconfig; name = "Pods-TestSVG.debug.xcconfig"; path = "Target Support Files/Pods-TestSVG/Pods-TestSVG.debug.xcconfig"; sourceTree = "<group>"; };
		8A213103C730E3996761CC01 /* Pods_TestSVG.framework */ = {isa = PBXFileReference; explicitFileType = wrapper.framework; includeInIndex = 0; path = Pods_TestSVG.framework; sourceTree = BUILT_PRODUCTS_DIR; };
		9D46BB9E4501201EE5071796 /* Pods-TestSVG.release.xcconfig */ = {isa = PBXFileReference; includeInIndex = 1; lastKnownFileType = text.xcconfig; name = "Pods-TestSVG.release.xcconfig"; path = "Target Support Files/Pods-TestSVG/Pods-TestSVG.release.xcconfig"; sourceTree = "<group>"; };
		C07436C122D2ED5100A6A292 /* test.svg */ = {isa = PBXFileReference; fileEncoding = 4; lastKnownFileType = text; path = test.svg; sourceTree = "<group>"; };
		C07436C322D30A2A00A6A292 /* text2.svg */ = {isa = PBXFileReference; fileEncoding = 4; lastKnownFileType = text; path = text2.svg; sourceTree = "<group>"; };
		C07436C522D30DDF00A6A292 /* ViewController2.swift */ = {isa = PBXFileReference; lastKnownFileType = sourcecode.swift; path = ViewController2.swift; sourceTree = "<group>"; };
		C07436C722D30EFE00A6A292 /* path2.svg */ = {isa = PBXFileReference; fileEncoding = 4; lastKnownFileType = text; path = path2.svg; sourceTree = "<group>"; };
		C08D254122BCBB9800A08F0C /* curve.svg */ = {isa = PBXFileReference; fileEncoding = 4; lastKnownFileType = text.xml; path = curve.svg; sourceTree = "<group>"; };
		C0A80CFD22B9DEDE003CEF29 /* TestSVG.app */ = {isa = PBXFileReference; explicitFileType = wrapper.application; includeInIndex = 0; path = TestSVG.app; sourceTree = BUILT_PRODUCTS_DIR; };
		C0A80D0022B9DEDE003CEF29 /* AppDelegate.swift */ = {isa = PBXFileReference; lastKnownFileType = sourcecode.swift; path = AppDelegate.swift; sourceTree = "<group>"; };
		C0A80D0222B9DEDE003CEF29 /* ViewController.swift */ = {isa = PBXFileReference; lastKnownFileType = sourcecode.swift; path = ViewController.swift; sourceTree = "<group>"; };
		C0A80D0722B9DEE0003CEF29 /* Assets.xcassets */ = {isa = PBXFileReference; lastKnownFileType = folder.assetcatalog; path = Assets.xcassets; sourceTree = "<group>"; };
		C0A80D0A22B9DEE0003CEF29 /* Base */ = {isa = PBXFileReference; lastKnownFileType = file.storyboard; name = Base; path = Base.lproj/LaunchScreen.storyboard; sourceTree = "<group>"; };
		C0A80D0C22B9DEE0003CEF29 /* Info.plist */ = {isa = PBXFileReference; lastKnownFileType = text.plist.xml; path = Info.plist; sourceTree = "<group>"; };
/* End PBXFileReference section */

/* Begin PBXFrameworksBuildPhase section */
		C0A80CFA22B9DEDE003CEF29 /* Frameworks */ = {
			isa = PBXFrameworksBuildPhase;
			buildActionMask = 2147483647;
			files = (
				2D7C932AD0863E28666B6749 /* Pods_TestSVG.framework in Frameworks */,
			);
			runOnlyForDeploymentPostprocessing = 0;
		};
/* End PBXFrameworksBuildPhase section */

/* Begin PBXGroup section */
		ADDB7098B92050122DA4DBB7 /* Pods */ = {
			isa = PBXGroup;
			children = (
				059CFADFB6BA8141828D6A80 /* Pods-TestSVG.debug.xcconfig */,
				9D46BB9E4501201EE5071796 /* Pods-TestSVG.release.xcconfig */,
			);
			path = Pods;
			sourceTree = "<group>";
		};
		C0A80CF422B9DEDE003CEF29 = {
			isa = PBXGroup;
			children = (
				C0A80CFF22B9DEDE003CEF29 /* TestSVG */,
				C0A80CFE22B9DEDE003CEF29 /* Products */,
				ADDB7098B92050122DA4DBB7 /* Pods */,
				E9D6BC024A7E4FD9B33DA42C /* Frameworks */,
			);
			sourceTree = "<group>";
		};
		C0A80CFE22B9DEDE003CEF29 /* Products */ = {
			isa = PBXGroup;
			children = (
				C0A80CFD22B9DEDE003CEF29 /* TestSVG.app */,
			);
			name = Products;
			sourceTree = "<group>";
		};
		C0A80CFF22B9DEDE003CEF29 /* TestSVG */ = {
			isa = PBXGroup;
			children = (
				C08D254122BCBB9800A08F0C /* curve.svg */,
				C0A80D0022B9DEDE003CEF29 /* AppDelegate.swift */,
				C0A80D0222B9DEDE003CEF29 /* ViewController.swift */,
				C07436C522D30DDF00A6A292 /* ViewController2.swift */,
				C07436C122D2ED5100A6A292 /* test.svg */,
				C07436C322D30A2A00A6A292 /* text2.svg */,
				C07436C722D30EFE00A6A292 /* path2.svg */,
				C0A80D0722B9DEE0003CEF29 /* Assets.xcassets */,
				C0A80D0922B9DEE0003CEF29 /* LaunchScreen.storyboard */,
				C0A80D0C22B9DEE0003CEF29 /* Info.plist */,
			);
			path = TestSVG;
			sourceTree = "<group>";
		};
		E9D6BC024A7E4FD9B33DA42C /* Frameworks */ = {
			isa = PBXGroup;
			children = (
				8A213103C730E3996761CC01 /* Pods_TestSVG.framework */,
			);
			name = Frameworks;
			sourceTree = "<group>";
		};
/* End PBXGroup section */

/* Begin PBXNativeTarget section */
		C0A80CFC22B9DEDE003CEF29 /* TestSVG */ = {
			isa = PBXNativeTarget;
			buildConfigurationList = C0A80D0F22B9DEE0003CEF29 /* Build configuration list for PBXNativeTarget "TestSVG" */;
			buildPhases = (
				7756235DC7033AA6C579FDC4 /* [CP] Check Pods Manifest.lock */,
				C0A80CF922B9DEDE003CEF29 /* Sources */,
				C0A80CFA22B9DEDE003CEF29 /* Frameworks */,
				C0A80CFB22B9DEDE003CEF29 /* Resources */,
				1FFA8B2442554516C5692F6C /* [CP] Embed Pods Frameworks */,
			);
			buildRules = (
			);
			dependencies = (
			);
			name = TestSVG;
			productName = TestSVG;
			productReference = C0A80CFD22B9DEDE003CEF29 /* TestSVG.app */;
			productType = "com.apple.product-type.application";
		};
/* End PBXNativeTarget section */

/* Begin PBXProject section */
		C0A80CF522B9DEDE003CEF29 /* Project object */ = {
			isa = PBXProject;
			attributes = {
				LastSwiftUpdateCheck = 1020;
				LastUpgradeCheck = 1020;
				ORGANIZATIONNAME = ken.zhang;
				TargetAttributes = {
					C0A80CFC22B9DEDE003CEF29 = {
						CreatedOnToolsVersion = 10.2;
					};
				};
			};
			buildConfigurationList = C0A80CF822B9DEDE003CEF29 /* Build configuration list for PBXProject "TestSVG" */;
			compatibilityVersion = "Xcode 9.3";
			developmentRegion = en;
			hasScannedForEncodings = 0;
			knownRegions = (
				en,
				Base,
			);
			mainGroup = C0A80CF422B9DEDE003CEF29;
			productRefGroup = C0A80CFE22B9DEDE003CEF29 /* Products */;
			projectDirPath = "";
			projectRoot = "";
			targets = (
				C0A80CFC22B9DEDE003CEF29 /* TestSVG */,
			);
		};
/* End PBXProject section */

/* Begin PBXResourcesBuildPhase section */
		C0A80CFB22B9DEDE003CEF29 /* Resources */ = {
			isa = PBXResourcesBuildPhase;
			buildActionMask = 2147483647;
			files = (
				C07436C422D30A2A00A6A292 /* text2.svg in Resources */,
				C08D254222BCBB9800A08F0C /* curve.svg in Resources */,
				C07436C822D30EFE00A6A292 /* path2.svg in Resources */,
				C0A80D0B22B9DEE0003CEF29 /* LaunchScreen.storyboard in Resources */,
				C07436C222D2ED5100A6A292 /* test.svg in Resources */,
				C0A80D0822B9DEE0003CEF29 /* Assets.xcassets in Resources */,
			);
			runOnlyForDeploymentPostprocessing = 0;
		};
/* End PBXResourcesBuildPhase section */

/* Begin PBXShellScriptBuildPhase section */
		1FFA8B2442554516C5692F6C /* [CP] Embed Pods Frameworks */ = {
			isa = PBXShellScriptBuildPhase;
			buildActionMask = 2147483647;
			files = (
			);
			inputFileListPaths = (
			);
			inputPaths = (
				"${PODS_ROOT}/Target Support Files/Pods-TestSVG/Pods-TestSVG-frameworks.sh",
				"${BUILT_PRODUCTS_DIR}/FantasticSnowflake/FantasticSnowflake.framework",
				"${BUILT_PRODUCTS_DIR}/Reindeers/Reindeers.framework",
				"${BUILT_PRODUCTS_DIR}/SnapKit/SnapKit.framework",
			);
			name = "[CP] Embed Pods Frameworks";
			outputFileListPaths = (
			);
			outputPaths = (
				"${TARGET_BUILD_DIR}/${FRAMEWORKS_FOLDER_PATH}/FantasticSnowflake.framework",
				"${TARGET_BUILD_DIR}/${FRAMEWORKS_FOLDER_PATH}/Reindeers.framework",
				"${TARGET_BUILD_DIR}/${FRAMEWORKS_FOLDER_PATH}/SnapKit.framework",
			);
			runOnlyForDeploymentPostprocessing = 0;
			shellPath = /bin/sh;
			shellScript = "\"${PODS_ROOT}/Target Support Files/Pods-TestSVG/Pods-TestSVG-frameworks.sh\"\n";
			showEnvVarsInLog = 0;
		};
		7756235DC7033AA6C579FDC4 /* [CP] Check Pods Manifest.lock */ = {
			isa = PBXShellScriptBuildPhase;
			buildActionMask = 2147483647;
			files = (
			);
			inputFileListPaths = (
			);
			inputPaths = (
				"${PODS_PODFILE_DIR_PATH}/Podfile.lock",
				"${PODS_ROOT}/Manifest.lock",
			);
			name = "[CP] Check Pods Manifest.lock";
			outputFileListPaths = (
			);
			outputPaths = (
				"$(DERIVED_FILE_DIR)/Pods-TestSVG-checkManifestLockResult.txt",
			);
			runOnlyForDeploymentPostprocessing = 0;
			shellPath = /bin/sh;
			shellScript = "diff \"${PODS_PODFILE_DIR_PATH}/Podfile.lock\" \"${PODS_ROOT}/Manifest.lock\" > /dev/null\nif [ $? != 0 ] ; then\n    # print error to STDERR\n    echo \"error: The sandbox is not in sync with the Podfile.lock. Run 'pod install' or update your CocoaPods installation.\" >&2\n    exit 1\nfi\n# This output is used by Xcode 'outputs' to avoid re-running this script phase.\necho \"SUCCESS\" > \"${SCRIPT_OUTPUT_FILE_0}\"\n";
			showEnvVarsInLog = 0;
		};
/* End PBXShellScriptBuildPhase section */

/* Begin PBXSourcesBuildPhase section */
		C0A80CF922B9DEDE003CEF29 /* Sources */ = {
			isa = PBXSourcesBuildPhase;
			buildActionMask = 2147483647;
			files = (
				C0A80D0322B9DEDE003CEF29 /* ViewController.swift in Sources */,
				C0A80D0122B9DEDE003CEF29 /* AppDelegate.swift in Sources */,
				C07436C622D30DDF00A6A292 /* ViewController2.swift in Sources */,
			);
			runOnlyForDeploymentPostprocessing = 0;
		};
/* End PBXSourcesBuildPhase section */

/* Begin PBXVariantGroup section */
		C0A80D0922B9DEE0003CEF29 /* LaunchScreen.storyboard */ = {
			isa = PBXVariantGroup;
			children = (
				C0A80D0A22B9DEE0003CEF29 /* Base */,
			);
			name = LaunchScreen.storyboard;
			sourceTree = "<group>";
		};
/* End PBXVariantGroup section */

/* Begin XCBuildConfiguration section */
		C0A80D0D22B9DEE0003CEF29 /* Debug */ = {
			isa = XCBuildConfiguration;
			buildSettings = {
				ALWAYS_SEARCH_USER_PATHS = NO;
				CLANG_ANALYZER_NONNULL = YES;
				CLANG_ANALYZER_NUMBER_OBJECT_CONVERSION = YES_AGGRESSIVE;
				CLANG_CXX_LANGUAGE_STANDARD = "gnu++14";
				CLANG_CXX_LIBRARY = "libc++";
				CLANG_ENABLE_MODULES = YES;
				CLANG_ENABLE_OBJC_ARC = YES;
				CLANG_ENABLE_OBJC_WEAK = YES;
				CLANG_WARN_BLOCK_CAPTURE_AUTORELEASING = YES;
				CLANG_WARN_BOOL_CONVERSION = YES;
				CLANG_WARN_COMMA = YES;
				CLANG_WARN_CONSTANT_CONVERSION = YES;
				CLANG_WARN_DEPRECATED_OBJC_IMPLEMENTATIONS = YES;
				CLANG_WARN_DIRECT_OBJC_ISA_USAGE = YES_ERROR;
				CLANG_WARN_DOCUMENTATION_COMMENTS = YES;
				CLANG_WARN_EMPTY_BODY = YES;
				CLANG_WARN_ENUM_CONVERSION = YES;
				CLANG_WARN_INFINITE_RECURSION = YES;
				CLANG_WARN_INT_CONVERSION = YES;
				CLANG_WARN_NON_LITERAL_NULL_CONVERSION = YES;
				CLANG_WARN_OBJC_IMPLICIT_RETAIN_SELF = YES;
				CLANG_WARN_OBJC_LITERAL_CONVERSION = YES;
				CLANG_WARN_OBJC_ROOT_CLASS = YES_ERROR;
				CLANG_WARN_RANGE_LOOP_ANALYSIS = YES;
				CLANG_WARN_STRICT_PROTOTYPES = YES;
				CLANG_WARN_SUSPICIOUS_MOVE = YES;
				CLANG_WARN_UNGUARDED_AVAILABILITY = YES_AGGRESSIVE;
				CLANG_WARN_UNREACHABLE_CODE = YES;
				CLANG_WARN__DUPLICATE_METHOD_MATCH = YES;
				CODE_SIGN_IDENTITY = "iPhone Developer";
				COPY_PHASE_STRIP = NO;
				DEBUG_INFORMATION_FORMAT = dwarf;
				ENABLE_STRICT_OBJC_MSGSEND = YES;
				ENABLE_TESTABILITY = YES;
				GCC_C_LANGUAGE_STANDARD = gnu11;
				GCC_DYNAMIC_NO_PIC = NO;
				GCC_NO_COMMON_BLOCKS = YES;
				GCC_OPTIMIZATION_LEVEL = 0;
				GCC_PREPROCESSOR_DEFINITIONS = (
					"DEBUG=1",
					"$(inherited)",
				);
				GCC_WARN_64_TO_32_BIT_CONVERSION = YES;
				GCC_WARN_ABOUT_RETURN_TYPE = YES_ERROR;
				GCC_WARN_UNDECLARED_SELECTOR = YES;
				GCC_WARN_UNINITIALIZED_AUTOS = YES_AGGRESSIVE;
				GCC_WARN_UNUSED_FUNCTION = YES;
				GCC_WARN_UNUSED_VARIABLE = YES;
				IPHONEOS_DEPLOYMENT_TARGET = 12.2;
				MTL_ENABLE_DEBUG_INFO = INCLUDE_SOURCE;
				MTL_FAST_MATH = YES;
				ONLY_ACTIVE_ARCH = YES;
				SDKROOT = iphoneos;
				SWIFT_ACTIVE_COMPILATION_CONDITIONS = DEBUG;
				SWIFT_OPTIMIZATION_LEVEL = "-Onone";
			};
			name = Debug;
		};
		C0A80D0E22B9DEE0003CEF29 /* Release */ = {
			isa = XCBuildConfiguration;
			buildSettings = {
				ALWAYS_SEARCH_USER_PATHS = NO;
				CLANG_ANALYZER_NONNULL = YES;
				CLANG_ANALYZER_NUMBER_OBJECT_CONVERSION = YES_AGGRESSIVE;
				CLANG_CXX_LANGUAGE_STANDARD = "gnu++14";
				CLANG_CXX_LIBRARY = "libc++";
				CLANG_ENABLE_MODULES = YES;
				CLANG_ENABLE_OBJC_ARC = YES;
				CLANG_ENABLE_OBJC_WEAK = YES;
				CLANG_WARN_BLOCK_CAPTURE_AUTORELEASING = YES;
				CLANG_WARN_BOOL_CONVERSION = YES;
				CLANG_WARN_COMMA = YES;
				CLANG_WARN_CONSTANT_CONVERSION = YES;
				CLANG_WARN_DEPRECATED_OBJC_IMPLEMENTATIONS = YES;
				CLANG_WARN_DIRECT_OBJC_ISA_USAGE = YES_ERROR;
				CLANG_WARN_DOCUMENTATION_COMMENTS = YES;
				CLANG_WARN_EMPTY_BODY = YES;
				CLANG_WARN_ENUM_CONVERSION = YES;
				CLANG_WARN_INFINITE_RECURSION = YES;
				CLANG_WARN_INT_CONVERSION = YES;
				CLANG_WARN_NON_LITERAL_NULL_CONVERSION = YES;
				CLANG_WARN_OBJC_IMPLICIT_RETAIN_SELF = YES;
				CLANG_WARN_OBJC_LITERAL_CONVERSION = YES;
				CLANG_WARN_OBJC_ROOT_CLASS = YES_ERROR;
				CLANG_WARN_RANGE_LOOP_ANALYSIS = YES;
				CLANG_WARN_STRICT_PROTOTYPES = YES;
				CLANG_WARN_SUSPICIOUS_MOVE = YES;
				CLANG_WARN_UNGUARDED_AVAILABILITY = YES_AGGRESSIVE;
				CLANG_WARN_UNREACHABLE_CODE = YES;
				CLANG_WARN__DUPLICATE_METHOD_MATCH = YES;
				CODE_SIGN_IDENTITY = "iPhone Developer";
				COPY_PHASE_STRIP = NO;
				DEBUG_INFORMATION_FORMAT = "dwarf-with-dsym";
				ENABLE_NS_ASSERTIONS = NO;
				ENABLE_STRICT_OBJC_MSGSEND = YES;
				GCC_C_LANGUAGE_STANDARD = gnu11;
				GCC_NO_COMMON_BLOCKS = YES;
				GCC_WARN_64_TO_32_BIT_CONVERSION = YES;
				GCC_WARN_ABOUT_RETURN_TYPE = YES_ERROR;
				GCC_WARN_UNDECLARED_SELECTOR = YES;
				GCC_WARN_UNINITIALIZED_AUTOS = YES_AGGRESSIVE;
				GCC_WARN_UNUSED_FUNCTION = YES;
				GCC_WARN_UNUSED_VARIABLE = YES;
				IPHONEOS_DEPLOYMENT_TARGET = 12.2;
				MTL_ENABLE_DEBUG_INFO = NO;
				MTL_FAST_MATH = YES;
				SDKROOT = iphoneos;
				SWIFT_COMPILATION_MODE = wholemodule;
				SWIFT_OPTIMIZATION_LEVEL = "-O";
				VALIDATE_PRODUCT = YES;
			};
			name = Release;
		};
		C0A80D1022B9DEE0003CEF29 /* Debug */ = {
			isa = XCBuildConfiguration;
			baseConfigurationReference = 059CFADFB6BA8141828D6A80 /* Pods-TestSVG.debug.xcconfig */;
			buildSettings = {
				ASSETCATALOG_COMPILER_APPICON_NAME = AppIcon;
				CODE_SIGN_STYLE = Automatic;
				INFOPLIST_FILE = TestSVG/Info.plist;
				IPHONEOS_DEPLOYMENT_TARGET = 9.0;
				LD_RUNPATH_SEARCH_PATHS = (
					"$(inherited)",
					"@executable_path/Frameworks",
				);
				PRODUCT_BUNDLE_IDENTIFIER = ALO7.TestSVG;
				PRODUCT_NAME = "$(TARGET_NAME)";
				SWIFT_VERSION = 5.0;
				TARGETED_DEVICE_FAMILY = "1,2";
				USER_HEADER_SEARCH_PATHS = "$(PODS_ROOT)/**";
			};
			name = Debug;
		};
		C0A80D1122B9DEE0003CEF29 /* Release */ = {
			isa = XCBuildConfiguration;
			baseConfigurationReference = 9D46BB9E4501201EE5071796 /* Pods-TestSVG.release.xcconfig */;
			buildSettings = {
				ASSETCATALOG_COMPILER_APPICON_NAME = AppIcon;
				CODE_SIGN_STYLE = Automatic;
				INFOPLIST_FILE = TestSVG/Info.plist;
				IPHONEOS_DEPLOYMENT_TARGET = 9.0;
				LD_RUNPATH_SEARCH_PATHS = (
					"$(inherited)",
					"@executable_path/Frameworks",
				);
				PRODUCT_BUNDLE_IDENTIFIER = ALO7.TestSVG;
				PRODUCT_NAME = "$(TARGET_NAME)";
				SWIFT_VERSION = 5.0;
				TARGETED_DEVICE_FAMILY = "1,2";
				USER_HEADER_SEARCH_PATHS = "$(PODS_ROOT)/**";
			};
			name = Release;
		};
/* End XCBuildConfiguration section */

/* Begin XCConfigurationList section */
		C0A80CF822B9DEDE003CEF29 /* Build configuration list for PBXProject "TestSVG" */ = {
			isa = XCConfigurationList;
			buildConfigurations = (
				C0A80D0D22B9DEE0003CEF29 /* Debug */,
				C0A80D0E22B9DEE0003CEF29 /* Release */,
			);
			defaultConfigurationIsVisible = 0;
			defaultConfigurationName = Release;
		};
		C0A80D0F22B9DEE0003CEF29 /* Build configuration list for PBXNativeTarget "TestSVG" */ = {
			isa = XCConfigurationList;
			buildConfigurations = (
				C0A80D1022B9DEE0003CEF29 /* Debug */,
				C0A80D1122B9DEE0003CEF29 /* Release */,
			);
			defaultConfigurationIsVisible = 0;
			defaultConfigurationName = Release;
		};
/* End XCConfigurationList section */
	};
	rootObject = C0A80CF522B9DEDE003CEF29 /* Project object */;
}
